
Microsoft Visual Studio Solution File, Format Version 12.00
# Visual Studio 15
VisualStudioVersion = 15.0.27703.2047
MinimumVisualStudioVersion = 10.0.40219.1
Project("{FAE04EC0-301F-11D3-BF4B-00C04F79EFBC}") = "smart rockets", "smart rockets\smart rockets.csproj", "{0EB1AD2A-00C1-431D-B786-28078D1E13F0}"
EndProject
Global
	GlobalSection(SolutionConfigurationPlatforms) = preSolution
		Debug|Any CPU = Debug|Any CPU
		Release|Any CPU = Release|Any CPU
	EndGlobalSection
	GlobalSection(ProjectConfigurationPlatforms) = postSolution
		{0EB1AD2A-00C1-431D-B786-28078D1E13F0}.Debug|Any CPU.ActiveCfg = Debug|Any CPU
		{0EB1AD2A-00C1-431D-B786-28078D1E13F0}.Debug|Any CPU.Build.0 = Debug|Any CPU
		{0EB1AD2A-00C1-431D-B786-28078D1E13F0}.Release|Any CPU.ActiveCfg = Release|Any CPU
		{0EB1AD2A-00C1-431D-B786-28078D1E13F0}.Release|Any CPU.Build.0 = Release|Any CPU
	EndGlobalSection
	GlobalSection(SolutionProperties) = preSolution
		HideSolutionNode = FALSE
	EndGlobalSection
	GlobalSection(ExtensibilityGlobals) = postSolution
		SolutionGuid = {7687988B-C310-43EE-9394-0F74AACDB6CE}
	EndGlobalSection
EndGlobal
